
Microsoft Visual Studio Solution File, Format Version 12.00
# Visual Studio 15
VisualStudioVersion = 15.0.34829.251
MinimumVisualStudioVersion = 10.0.40219.1
Project("{FAE04EC0-301F-11D3-BF4B-00C04F79EFBC}") = "QuanLyCF_HuuThong", "QuanLyCF_HuuThong\QuanLyCF_HuuThong.csproj", "{C0F7C5DF-57C3-4882-8312-57AF2659FF82}"
EndProject
Global
	GlobalSection(SolutionConfigurationPlatforms) = preSolution
		Debug|Any CPU = Debug|Any CPU
		Release|Any CPU = Release|Any CPU
	EndGlobalSection
	GlobalSection(ProjectConfigurationPlatforms) = postSolution
		{C0F7C5DF-57C3-4882-8312-57AF2659FF82}.Debug|Any CPU.ActiveCfg = Debug|Any CPU
		{C0F7C5DF-57C3-4882-8312-57AF2659FF82}.Debug|Any CPU.Build.0 = Debug|Any CPU
		{C0F7C5DF-57C3-4882-8312-57AF2659FF82}.Release|Any CPU.ActiveCfg = Release|Any CPU
		{C0F7C5DF-57C3-4882-8312-57AF2659FF82}.Release|Any CPU.Build.0 = Release|Any CPU
	EndGlobalSection
	GlobalSection(SolutionProperties) = preSolution
		HideSolutionNode = FALSE
	EndGlobalSection
	GlobalSection(ExtensibilityGlobals) = postSolution
		SolutionGuid = {3C664B6D-260F-41FE-8DEF-75F4DBA3A777}
	EndGlobalSection
EndGlobal
